
Microsoft Visual Studio Solution File, Format Version 12.00
Project("{FAE04EC0-301F-11D3-BF4B-00C04F79EFBC}") = "ClassLibrary1", "ClassLibrary1\ClassLibrary1.csproj", "{A3383762-2012-4018-A08C-1139064B15EF}"
EndProject
Project("{FAE04EC0-301F-11D3-BF4B-00C04F79EFBC}") = "TestProject1", "TestProject1\TestProject1.csproj", "{28A07E9A-17BF-4942-9D33-6C70583A3284}"
EndProject
Project("{FAE04EC0-301F-11D3-BF4B-00C04F79EFBC}") = "CalculatorNamespace", "Calculator\CalculatorNamespace.csproj", "{64364EF8-811D-4A11-978F-CBCF3FCB918D}"
EndProject
Project("{FAE04EC0-301F-11D3-BF4B-00C04F79EFBC}") = "CalculatorTest", "CalculatorTest\CalculatorTest.csproj", "{60D7C21A-1563-40C5-94DD-9E59B09B21A7}"
EndProject
Project("{2150E333-8FDC-42A3-9474-1A3956D46DE8}") = "Task1", "Task1", "{41E85E3B-8D0D-408E-8369-69931E2F82DC}"
EndProject
Project("{2150E333-8FDC-42A3-9474-1A3956D46DE8}") = "Data Layer", "Data Layer", "{D77D3289-5E7F-4F95-B868-CE2F5D0D5191}"
EndProject
Project("{2150E333-8FDC-42A3-9474-1A3956D46DE8}") = "Logic layer", "Logic layer", "{8A077F89-5324-4DF2-BE94-D3B99F39A365}"
EndProject
Project("{FAE04EC0-301F-11D3-BF4B-00C04F79EFBC}") = "TestForDataLayer", "TestForDataLayer\TestForDataLayer.csproj", "{230545AA-ABB7-41D2-B428-D830E8CFAB6B}"
EndProject
Global
	GlobalSection(SolutionConfigurationPlatforms) = preSolution
		Debug|Any CPU = Debug|Any CPU
		Release|Any CPU = Release|Any CPU
	EndGlobalSection
	GlobalSection(ProjectConfigurationPlatforms) = postSolution
		{A3383762-2012-4018-A08C-1139064B15EF}.Debug|Any CPU.ActiveCfg = Debug|Any CPU
		{A3383762-2012-4018-A08C-1139064B15EF}.Debug|Any CPU.Build.0 = Debug|Any CPU
		{A3383762-2012-4018-A08C-1139064B15EF}.Release|Any CPU.ActiveCfg = Release|Any CPU
		{A3383762-2012-4018-A08C-1139064B15EF}.Release|Any CPU.Build.0 = Release|Any CPU
		{28A07E9A-17BF-4942-9D33-6C70583A3284}.Debug|Any CPU.ActiveCfg = Debug|Any CPU
		{28A07E9A-17BF-4942-9D33-6C70583A3284}.Debug|Any CPU.Build.0 = Debug|Any CPU
		{28A07E9A-17BF-4942-9D33-6C70583A3284}.Release|Any CPU.ActiveCfg = Release|Any CPU
		{28A07E9A-17BF-4942-9D33-6C70583A3284}.Release|Any CPU.Build.0 = Release|Any CPU
		{64364EF8-811D-4A11-978F-CBCF3FCB918D}.Debug|Any CPU.ActiveCfg = Debug|Any CPU
		{64364EF8-811D-4A11-978F-CBCF3FCB918D}.Debug|Any CPU.Build.0 = Debug|Any CPU
		{64364EF8-811D-4A11-978F-CBCF3FCB918D}.Release|Any CPU.ActiveCfg = Release|Any CPU
		{64364EF8-811D-4A11-978F-CBCF3FCB918D}.Release|Any CPU.Build.0 = Release|Any CPU
		{60D7C21A-1563-40C5-94DD-9E59B09B21A7}.Debug|Any CPU.ActiveCfg = Debug|Any CPU
		{60D7C21A-1563-40C5-94DD-9E59B09B21A7}.Debug|Any CPU.Build.0 = Debug|Any CPU
		{60D7C21A-1563-40C5-94DD-9E59B09B21A7}.Release|Any CPU.ActiveCfg = Release|Any CPU
		{60D7C21A-1563-40C5-94DD-9E59B09B21A7}.Release|Any CPU.Build.0 = Release|Any CPU
		{230545AA-ABB7-41D2-B428-D830E8CFAB6B}.Debug|Any CPU.ActiveCfg = Debug|Any CPU
		{230545AA-ABB7-41D2-B428-D830E8CFAB6B}.Debug|Any CPU.Build.0 = Debug|Any CPU
		{230545AA-ABB7-41D2-B428-D830E8CFAB6B}.Release|Any CPU.ActiveCfg = Release|Any CPU
		{230545AA-ABB7-41D2-B428-D830E8CFAB6B}.Release|Any CPU.Build.0 = Release|Any CPU
	EndGlobalSection
	GlobalSection(NestedProjects) = preSolution
		{D77D3289-5E7F-4F95-B868-CE2F5D0D5191} = {41E85E3B-8D0D-408E-8369-69931E2F82DC}
		{8A077F89-5324-4DF2-BE94-D3B99F39A365} = {41E85E3B-8D0D-408E-8369-69931E2F82DC}
		{230545AA-ABB7-41D2-B428-D830E8CFAB6B} = {D77D3289-5E7F-4F95-B868-CE2F5D0D5191}
	EndGlobalSection
EndGlobal
